// !$*UTF8*$!
{
	archiveVersion = 1;
	classes = {
	};
	objectVersion = 46;
	objects = {

/* Begin PBXBuildFile section */
		82502DEE1C7A76C00025A427 /* AppDelegate.swift in Sources */ = {isa = PBXBuildFile; fileRef = 82502DED1C7A76C00025A427 /* AppDelegate.swift */; };
		82502DF01C7A76C00025A427 /* ViewController.swift in Sources */ = {isa = PBXBuildFile; fileRef = 82502DEF1C7A76C00025A427 /* ViewController.swift */; };
		82502DF31C7A76C00025A427 /* Main.storyboard in Resources */ = {isa = PBXBuildFile; fileRef = 82502DF11C7A76C00025A427 /* Main.storyboard */; };
		82502DF51C7A76C00025A427 /* Assets.xcassets in Resources */ = {isa = PBXBuildFile; fileRef = 82502DF41C7A76C00025A427 /* Assets.xcassets */; };
		82502DF81C7A76C00025A427 /* LaunchScreen.storyboard in Resources */ = {isa = PBXBuildFile; fileRef = 82502DF61C7A76C00025A427 /* LaunchScreen.storyboard */; };
		82502E031C7A76C10025A427 /* Tarea_Velocimetro_de_un_autoTests.swift in Sources */ = {isa = PBXBuildFile; fileRef = 82502E021C7A76C10025A427 /* Tarea_Velocimetro_de_un_autoTests.swift */; };
		82502E0E1C7A76C10025A427 /* Tarea_Velocimetro_de_un_autoUITests.swift in Sources */ = {isa = PBXBuildFile; fileRef = 82502E0D1C7A76C10025A427 /* Tarea_Velocimetro_de_un_autoUITests.swift */; };
/* End PBXBuildFile section */

/* Begin PBXContainerItemProxy section */
		82502DFF1C7A76C10025A427 /* PBXContainerItemProxy */ = {
			isa = PBXContainerItemProxy;
			containerPortal = 82502DE21C7A76BF0025A427 /* Project object */;
			proxyType = 1;
			remoteGlobalIDString = 82502DE91C7A76BF0025A427;
			remoteInfo = "Tarea Velocimetro de un auto";
		};
		82502E0A1C7A76C10025A427 /* PBXContainerItemProxy */ = {
			isa = PBXContainerItemProxy;
			containerPortal = 82502DE21C7A76BF0025A427 /* Project object */;
			proxyType = 1;
			remoteGlobalIDString = 82502DE91C7A76BF0025A427;
			remoteInfo = "Tarea Velocimetro de un auto";
		};
/* End PBXContainerItemProxy section */

/* Begin PBXFileReference section */
		82502DEA1C7A76C00025A427 /* Tarea Velocimetro de un auto.app */ = {isa = PBXFileReference; explicitFileType = wrapper.application; includeInIndex = 0; path = "Tarea Velocimetro de un auto.app"; sourceTree = BUILT_PRODUCTS_DIR; };
		82502DED1C7A76C00025A427 /* AppDelegate.swift */ = {isa = PBXFileReference; lastKnownFileType = sourcecode.swift; path = AppDelegate.swift; sourceTree = "<group>"; };
		82502DEF1C7A76C00025A427 /* ViewController.swift */ = {isa = PBXFileReference; lastKnownFileType = sourcecode.swift; path = ViewController.swift; sourceTree = "<group>"; };
		82502DF21C7A76C00025A427 /* Base */ = {isa = PBXFileReference; lastKnownFileType = file.storyboard; name = Base; path = Base.lproj/Main.storyboard; sourceTree = "<group>"; };
		82502DF41C7A76C00025A427 /* Assets.xcassets */ = {isa = PBXFileReference; lastKnownFileType = folder.assetcatalog; path = Assets.xcassets; sourceTree = "<group>"; };
		82502DF71C7A76C00025A427 /* Base */ = {isa = PBXFileReference; lastKnownFileType = file.storyboard; name = Base; path = Base.lproj/LaunchScreen.storyboard; sourceTree = "<group>"; };
		82502DF91C7A76C00025A427 /* Info.plist */ = {isa = PBXFileReference; lastKnownFileType = text.plist.xml; path = Info.plist; sourceTree = "<group>"; };
		82502DFE1C7A76C10025A427 /* Tarea Velocimetro de un autoTests.xctest */ = {isa = PBXFileReference; explicitFileType = wrapper.cfbundle; includeInIndex = 0; path = "Tarea Velocimetro de un autoTests.xctest"; sourceTree = BUILT_PRODUCTS_DIR; };
		82502E021C7A76C10025A427 /* Tarea_Velocimetro_de_un_autoTests.swift */ = {isa = PBXFileReference; lastKnownFileType = sourcecode.swift; path = Tarea_Velocimetro_de_un_autoTests.swift; sourceTree = "<group>"; };
		82502E041C7A76C10025A427 /* Info.plist */ = {isa = PBXFileReference; lastKnownFileType = text.plist.xml; path = Info.plist; sourceTree = "<group>"; };
		82502E091C7A76C10025A427 /* Tarea Velocimetro de un autoUITests.xctest */ = {isa = PBXFileReference; explicitFileType = wrapper.cfbundle; includeInIndex = 0; path = "Tarea Velocimetro de un autoUITests.xctest"; sourceTree = BUILT_PRODUCTS_DIR; };
		82502E0D1C7A76C10025A427 /* Tarea_Velocimetro_de_un_autoUITests.swift */ = {isa = PBXFileReference; lastKnownFileType = sourcecode.swift; path = Tarea_Velocimetro_de_un_autoUITests.swift; sourceTree = "<group>"; };
		82502E0F1C7A76C10025A427 /* Info.plist */ = {isa = PBXFileReference; lastKnownFileType = text.plist.xml; path = Info.plist; sourceTree = "<group>"; };
/* End PBXFileReference section */

/* Begin PBXFrameworksBuildPhase section */
		82502DE71C7A76BF0025A427 /* Frameworks */ = {
			isa = PBXFrameworksBuildPhase;
			buildActionMask = 2147483647;
			files = (
			);
			runOnlyForDeploymentPostprocessing = 0;
		};
		82502DFB1C7A76C10025A427 /* Frameworks */ = {
			isa = PBXFrameworksBuildPhase;
			buildActionMask = 2147483647;
			files = (
			);
			runOnlyForDeploymentPostprocessing = 0;
		};
		82502E061C7A76C10025A427 /* Frameworks */ = {
			isa = PBXFrameworksBuildPhase;
			buildActionMask = 2147483647;
			files = (
			);
			runOnlyForDeploymentPostprocessing = 0;
		};
/* End PBXFrameworksBuildPhase section */

/* Begin PBXGroup section */
		82502DE11C7A76BF0025A427 = {
			isa = PBXGroup;
			children = (
				82502DEC1C7A76C00025A427 /* Tarea Velocimetro de un auto */,
				82502E011C7A76C10025A427 /* Tarea Velocimetro de un autoTests */,
				82502E0C1C7A76C10025A427 /* Tarea Velocimetro de un autoUITests */,
				82502DEB1C7A76C00025A427 /* Products */,
			);
			sourceTree = "<group>";
		};
		82502DEB1C7A76C00025A427 /* Products */ = {
			isa = PBXGroup;
			children = (
				82502DEA1C7A76C00025A427 /* Tarea Velocimetro de un auto.app */,
				82502DFE1C7A76C10025A427 /* Tarea Velocimetro de un autoTests.xctest */,
				82502E091C7A76C10025A427 /* Tarea Velocimetro de un autoUITests.xctest */,
			);
			name = Products;
			sourceTree = "<group>";
		};
		82502DEC1C7A76C00025A427 /* Tarea Velocimetro de un auto */ = {
			isa = PBXGroup;
			children = (
				82502DED1C7A76C00025A427 /* AppDelegate.swift */,
				82502DEF1C7A76C00025A427 /* ViewController.swift */,
				82502DF11C7A76C00025A427 /* Main.storyboard */,
				82502DF41C7A76C00025A427 /* Assets.xcassets */,
				82502DF61C7A76C00025A427 /* LaunchScreen.storyboard */,
				82502DF91C7A76C00025A427 /* Info.plist */,
			);
			path = "Tarea Velocimetro de un auto";
			sourceTree = "<group>";
		};
		82502E011C7A76C10025A427 /* Tarea Velocimetro de un autoTests */ = {
			isa = PBXGroup;
			children = (
				82502E021C7A76C10025A427 /* Tarea_Velocimetro_de_un_autoTests.swift */,
				82502E041C7A76C10025A427 /* Info.plist */,
			);
			path = "Tarea Velocimetro de un autoTests";
			sourceTree = "<group>";
		};
		82502E0C1C7A76C10025A427 /* Tarea Velocimetro de un autoUITests */ = {
			isa = PBXGroup;
			children = (
				82502E0D1C7A76C10025A427 /* Tarea_Velocimetro_de_un_autoUITests.swift */,
				82502E0F1C7A76C10025A427 /* Info.plist */,
			);
			path = "Tarea Velocimetro de un autoUITests";
			sourceTree = "<group>";
		};
/* End PBXGroup section */

/* Begin PBXNativeTarget section */
		82502DE91C7A76BF0025A427 /* Tarea Velocimetro de un auto */ = {
			isa = PBXNativeTarget;
			buildConfigurationList = 82502E121C7A76C10025A427 /* Build configuration list for PBXNativeTarget "Tarea Velocimetro de un auto" */;
			buildPhases = (
				82502DE61C7A76BF0025A427 /* Sources */,
				82502DE71C7A76BF0025A427 /* Frameworks */,
				82502DE81C7A76BF0025A427 /* Resources */,
			);
			buildRules = (
			);
			dependencies = (
			);
			name = "Tarea Velocimetro de un auto";
			productName = "Tarea Velocimetro de un auto";
			productReference = 82502DEA1C7A76C00025A427 /* Tarea Velocimetro de un auto.app */;
			productType = "com.apple.product-type.application";
		};
		82502DFD1C7A76C10025A427 /* Tarea Velocimetro de un autoTests */ = {
			isa = PBXNativeTarget;
			buildConfigurationList = 82502E151C7A76C10025A427 /* Build configuration list for PBXNativeTarget "Tarea Velocimetro de un autoTests" */;
			buildPhases = (
				82502DFA1C7A76C10025A427 /* Sources */,
				82502DFB1C7A76C10025A427 /* Frameworks */,
				82502DFC1C7A76C10025A427 /* Resources */,
			);
			buildRules = (
			);
			dependencies = (
				82502E001C7A76C10025A427 /* PBXTargetDependency */,
			);
			name = "Tarea Velocimetro de un autoTests";
			productName = "Tarea Velocimetro de un autoTests";
			productReference = 82502DFE1C7A76C10025A427 /* Tarea Velocimetro de un autoTests.xctest */;
			productType = "com.apple.product-type.bundle.unit-test";
		};
		82502E081C7A76C10025A427 /* Tarea Velocimetro de un autoUITests */ = {
			isa = PBXNativeTarget;
			buildConfigurationList = 82502E181C7A76C10025A427 /* Build configuration list for PBXNativeTarget "Tarea Velocimetro de un autoUITests" */;
			buildPhases = (
				82502E051C7A76C10025A427 /* Sources */,
				82502E061C7A76C10025A427 /* Frameworks */,
				82502E071C7A76C10025A427 /* Resources */,
			);
			buildRules = (
			);
			dependencies = (
				82502E0B1C7A76C10025A427 /* PBXTargetDependency */,
			);
			name = "Tarea Velocimetro de un autoUITests";
			productName = "Tarea Velocimetro de un autoUITests";
			productReference = 82502E091C7A76C10025A427 /* Tarea Velocimetro de un autoUITests.xctest */;
			productType = "com.apple.product-type.bundle.ui-testing";
		};
/* End PBXNativeTarget section */

/* Begin PBXProject section */
		82502DE21C7A76BF0025A427 /* Project object */ = {
			isa = PBXProject;
			attributes = {
				LastSwiftUpdateCheck = 0710;
				LastUpgradeCheck = 0710;
				ORGANIZATIONNAME = "José";
				TargetAttributes = {
					82502DE91C7A76BF0025A427 = {
						CreatedOnToolsVersion = 7.1;
						DevelopmentTeam = 8GVY5HL9K4;
					};
					82502DFD1C7A76C10025A427 = {
						CreatedOnToolsVersion = 7.1;
						DevelopmentTeam = 8GVY5HL9K4;
						TestTargetID = 82502DE91C7A76BF0025A427;
					};
					82502E081C7A76C10025A427 = {
						CreatedOnToolsVersion = 7.1;
						DevelopmentTeam = 8GVY5HL9K4;
						TestTargetID = 82502DE91C7A76BF0025A427;
					};
				};
			};
			buildConfigurationList = 82502DE51C7A76BF0025A427 /* Build configuration list for PBXProject "Tarea Velocimetro de un auto" */;
			compatibilityVersion = "Xcode 3.2";
			developmentRegion = English;
			hasScannedForEncodings = 0;
			knownRegions = (
				en,
				Base,
			);
			mainGroup = 82502DE11C7A76BF0025A427;
			productRefGroup = 82502DEB1C7A76C00025A427 /* Products */;
			projectDirPath = "";
			projectRoot = "";
			targets = (
				82502DE91C7A76BF0025A427 /* Tarea Velocimetro de un auto */,
				82502DFD1C7A76C10025A427 /* Tarea Velocimetro de un autoTests */,
				82502E081C7A76C10025A427 /* Tarea Velocimetro de un autoUITests */,
			);
		};
/* End PBXProject section */

/* Begin PBXResourcesBuildPhase section */
		82502DE81C7A76BF0025A427 /* Resources */ = {
			isa = PBXResourcesBuildPhase;
			buildActionMask = 2147483647;
			files = (
				82502DF81C7A76C00025A427 /* LaunchScreen.storyboard in Resources */,
				82502DF51C7A76C00025A427 /* Assets.xcassets in Resources */,
				82502DF31C7A76C00025A427 /* Main.storyboard in Resources */,
			);
			runOnlyForDeploymentPostprocessing = 0;
		};
		82502DFC1C7A76C10025A427 /* Resources */ = {
			isa = PBXResourcesBuildPhase;
			buildActionMask = 2147483647;
			files = (
			);
			runOnlyForDeploymentPostprocessing = 0;
		};
		82502E071C7A76C10025A427 /* Resources */ = {
			isa = PBXResourcesBuildPhase;
			buildActionMask = 2147483647;
			files = (
			);
			runOnlyForDeploymentPostprocessing = 0;
		};
/* End PBXResourcesBuildPhase section */

/* Begin PBXSourcesBuildPhase section */
		82502DE61C7A76BF0025A427 /* Sources */ = {
			isa = PBXSourcesBuildPhase;
			buildActionMask = 2147483647;
			files = (
				82502DF01C7A76C00025A427 /* ViewController.swift in Sources */,
				82502DEE1C7A76C00025A427 /* AppDelegate.swift in Sources */,
			);
			runOnlyForDeploymentPostprocessing = 0;
		};
		82502DFA1C7A76C10025A427 /* Sources */ = {
			isa = PBXSourcesBuildPhase;
			buildActionMask = 2147483647;
			files = (
				82502E031C7A76C10025A427 /* Tarea_Velocimetro_de_un_autoTests.swift in Sources */,
			);
			runOnlyForDeploymentPostprocessing = 0;
		};
		82502E051C7A76C10025A427 /* Sources */ = {
			isa = PBXSourcesBuildPhase;
			buildActionMask = 2147483647;
			files = (
				82502E0E1C7A76C10025A427 /* Tarea_Velocimetro_de_un_autoUITests.swift in Sources */,
			);
			runOnlyForDeploymentPostprocessing = 0;
		};
/* End PBXSourcesBuildPhase section */

/* Begin PBXTargetDependency section */
		82502E001C7A76C10025A427 /* PBXTargetDependency */ = {
			isa = PBXTargetDependency;
			target = 82502DE91C7A76BF0025A427 /* Tarea Velocimetro de un auto */;
			targetProxy = 82502DFF1C7A76C10025A427 /* PBXContainerItemProxy */;
		};
		82502E0B1C7A76C10025A427 /* PBXTargetDependency */ = {
			isa = PBXTargetDependency;
			target = 82502DE91C7A76BF0025A427 /* Tarea Velocimetro de un auto */;
			targetProxy = 82502E0A1C7A76C10025A427 /* PBXContainerItemProxy */;
		};
/* End PBXTargetDependency section */

/* Begin PBXVariantGroup section */
		82502DF11C7A76C00025A427 /* Main.storyboard */ = {
			isa = PBXVariantGroup;
			children = (
				82502DF21C7A76C00025A427 /* Base */,
			);
			name = Main.storyboard;
			sourceTree = "<group>";
		};
		82502DF61C7A76C00025A427 /* LaunchScreen.storyboard */ = {
			isa = PBXVariantGroup;
			children = (
				82502DF71C7A76C00025A427 /* Base */,
			);
			name = LaunchScreen.storyboard;
			sourceTree = "<group>";
		};
/* End PBXVariantGroup section */

/* Begin XCBuildConfiguration section */
		82502E101C7A76C10025A427 /* Debug */ = {
			isa = XCBuildConfiguration;
			buildSettings = {
				ALWAYS_SEARCH_USER_PATHS = NO;
				CLANG_CXX_LANGUAGE_STANDARD = "gnu++0x";
				CLANG_CXX_LIBRARY = "libc++";
				CLANG_ENABLE_MODULES = YES;
				CLANG_ENABLE_OBJC_ARC = YES;
				CLANG_WARN_BOOL_CONVERSION = YES;
				CLANG_WARN_CONSTANT_CONVERSION = YES;
				CLANG_WARN_DIRECT_OBJC_ISA_USAGE = YES_ERROR;
				CLANG_WARN_EMPTY_BODY = YES;
				CLANG_WARN_ENUM_CONVERSION = YES;
				CLANG_WARN_INT_CONVERSION = YES;
				CLANG_WARN_OBJC_ROOT_CLASS = YES_ERROR;
				CLANG_WARN_UNREACHABLE_CODE = YES;
				CLANG_WARN__DUPLICATE_METHOD_MATCH = YES;
				"CODE_SIGN_IDENTITY[sdk=iphoneos*]" = "iPhone Developer";
				COPY_PHASE_STRIP = NO;
				DEBUG_INFORMATION_FORMAT = dwarf;
				ENABLE_STRICT_OBJC_MSGSEND = YES;
				ENABLE_TESTABILITY = YES;
				GCC_C_LANGUAGE_STANDARD = gnu99;
				GCC_DYNAMIC_NO_PIC = NO;
				GCC_NO_COMMON_BLOCKS = YES;
				GCC_OPTIMIZATION_LEVEL = 0;
				GCC_PREPROCESSOR_DEFINITIONS = (
					"DEBUG=1",
					"$(inherited)",
				);
				GCC_WARN_64_TO_32_BIT_CONVERSION = YES;
				GCC_WARN_ABOUT_RETURN_TYPE = YES_ERROR;
				GCC_WARN_UNDECLARED_SELECTOR = YES;
				GCC_WARN_UNINITIALIZED_AUTOS = YES_AGGRESSIVE;
				GCC_WARN_UNUSED_FUNCTION = YES;
				GCC_WARN_UNUSED_VARIABLE = YES;
				IPHONEOS_DEPLOYMENT_TARGET = 9.1;
				MTL_ENABLE_DEBUG_INFO = YES;
				ONLY_ACTIVE_ARCH = YES;
				SDKROOT = iphoneos;
				SWIFT_OPTIMIZATION_LEVEL = "-Onone";
				TARGETED_DEVICE_FAMILY = "1,2";
			};
			name = Debug;
		};
		82502E111C7A76C10025A427 /* Release */ = {
			isa = XCBuildConfiguration;
			buildSettings = {
				ALWAYS_SEARCH_USER_PATHS = NO;
				CLANG_CXX_LANGUAGE_STANDARD = "gnu++0x";
				CLANG_CXX_LIBRARY = "libc++";
				CLANG_ENABLE_MODULES = YES;
				CLANG_ENABLE_OBJC_ARC = YES;
				CLANG_WARN_BOOL_CONVERSION = YES;
				CLANG_WARN_CONSTANT_CONVERSION = YES;
				CLANG_WARN_DIRECT_OBJC_ISA_USAGE = YES_ERROR;
				CLANG_WARN_EMPTY_BODY = YES;
				CLANG_WARN_ENUM_CONVERSION = YES;
				CLANG_WARN_INT_CONVERSION = YES;
				CLANG_WARN_OBJC_ROOT_CLASS = YES_ERROR;
				CLANG_WARN_UNREACHABLE_CODE = YES;
				CLANG_WARN__DUPLICATE_METHOD_MATCH = YES;
				"CODE_SIGN_IDENTITY[sdk=iphoneos*]" = "iPhone Developer";
				COPY_PHASE_STRIP = NO;
				DEBUG_INFORMATION_FORMAT = "dwarf-with-dsym";
				ENABLE_NS_ASSERTIONS = NO;
				ENABLE_STRICT_OBJC_MSGSEND = YES;
				GCC_C_LANGUAGE_STANDARD = gnu99;
				GCC_NO_COMMON_BLOCKS = YES;
				GCC_WARN_64_TO_32_BIT_CONVERSION = YES;
				GCC_WARN_ABOUT_RETURN_TYPE = YES_ERROR;
				GCC_WARN_UNDECLARED_SELECTOR = YES;
				GCC_WARN_UNINITIALIZED_AUTOS = YES_AGGRESSIVE;
				GCC_WARN_UNUSED_FUNCTION = YES;
				GCC_WARN_UNUSED_VARIABLE = YES;
				IPHONEOS_DEPLOYMENT_TARGET = 9.1;
				MTL_ENABLE_DEBUG_INFO = NO;
				SDKROOT = iphoneos;
				TARGETED_DEVICE_FAMILY = "1,2";
				VALIDATE_PRODUCT = YES;
			};
			name = Release;
		};
		82502E131C7A76C10025A427 /* Debug */ = {
			isa = XCBuildConfiguration;
			buildSettings = {
				ASSETCATALOG_COMPILER_APPICON_NAME = AppIcon;
				INFOPLIST_FILE = "Tarea Velocimetro de un auto/Info.plist";
				LD_RUNPATH_SEARCH_PATHS = "$(inherited) @executable_path/Frameworks";
				PRODUCT_BUNDLE_IDENTIFIER = "pruebaEnC.Tarea-Velocimetro-de-un-auto";
				PRODUCT_NAME = "$(TARGET_NAME)";
			};
			name = Debug;
		};
		82502E141C7A76C10025A427 /* Release */ = {
			isa = XCBuildConfiguration;
			buildSettings = {
				ASSETCATALOG_COMPILER_APPICON_NAME = AppIcon;
				INFOPLIST_FILE = "Tarea Velocimetro de un auto/Info.plist";
				LD_RUNPATH_SEARCH_PATHS = "$(inherited) @executable_path/Frameworks";
				PRODUCT_BUNDLE_IDENTIFIER = "pruebaEnC.Tarea-Velocimetro-de-un-auto";
				PRODUCT_NAME = "$(TARGET_NAME)";
			};
			name = Release;
		};
		82502E161C7A76C10025A427 /* Debug */ = {
			isa = XCBuildConfiguration;
			buildSettings = {
				BUNDLE_LOADER = "$(TEST_HOST)";
				INFOPLIST_FILE = "Tarea Velocimetro de un autoTests/Info.plist";
				LD_RUNPATH_SEARCH_PATHS = "$(inherited) @executable_path/Frameworks @loader_path/Frameworks";
				PRODUCT_BUNDLE_IDENTIFIER = "pruebaEnC.Tarea-Velocimetro-de-un-autoTests";
				PRODUCT_NAME = "$(TARGET_NAME)";
				TEST_HOST = "$(BUILT_PRODUCTS_DIR)/Tarea Velocimetro de un auto.app/Tarea Velocimetro de un auto";
			};
			name = Debug;
		};
		82502E171C7A76C10025A427 /* Release */ = {
			isa = XCBuildConfiguration;
			buildSettings = {
				BUNDLE_LOADER = "$(TEST_HOST)";
				INFOPLIST_FILE = "Tarea Velocimetro de un autoTests/Info.plist";
				LD_RUNPATH_SEARCH_PATHS = "$(inherited) @executable_path/Frameworks @loader_path/Frameworks";
				PRODUCT_BUNDLE_IDENTIFIER = "pruebaEnC.Tarea-Velocimetro-de-un-autoTests";
				PRODUCT_NAME = "$(TARGET_NAME)";
				TEST_HOST = "$(BUILT_PRODUCTS_DIR)/Tarea Velocimetro de un auto.app/Tarea Velocimetro de un auto";
			};
			name = Release;
		};
		82502E191C7A76C10025A427 /* Debug */ = {
			isa = XCBuildConfiguration;
			buildSettings = {
				INFOPLIST_FILE = "Tarea Velocimetro de un autoUITests/Info.plist";
				LD_RUNPATH_SEARCH_PATHS = "$(inherited) @executable_path/Frameworks @loader_path/Frameworks";
				PRODUCT_BUNDLE_IDENTIFIER = "pruebaEnC.Tarea-Velocimetro-de-un-autoUITests";
				PRODUCT_NAME = "$(TARGET_NAME)";
				TEST_TARGET_NAME = "Tarea Velocimetro de un auto";
				USES_XCTRUNNER = YES;
			};
			name = Debug;
		};
		82502E1A1C7A76C10025A427 /* Release */ = {
			isa = XCBuildConfiguration;
			buildSettings = {
				INFOPLIST_FILE = "Tarea Velocimetro de un autoUITests/Info.plist";
				LD_RUNPATH_SEARCH_PATHS = "$(inherited) @executable_path/Frameworks @loader_path/Frameworks";
				PRODUCT_BUNDLE_IDENTIFIER = "pruebaEnC.Tarea-Velocimetro-de-un-autoUITests";
				PRODUCT_NAME = "$(TARGET_NAME)";
				TEST_TARGET_NAME = "Tarea Velocimetro de un auto";
				USES_XCTRUNNER = YES;
			};
			name = Release;
		};
/* End XCBuildConfiguration section */

/* Begin XCConfigurationList section */
		82502DE51C7A76BF0025A427 /* Build configuration list for PBXProject "Tarea Velocimetro de un auto" */ = {
			isa = XCConfigurationList;
			buildConfigurations = (
				82502E101C7A76C10025A427 /* Debug */,
				82502E111C7A76C10025A427 /* Release */,
			);
			defaultConfigurationIsVisible = 0;
			defaultConfigurationName = Release;
		};
		82502E121C7A76C10025A427 /* Build configuration list for PBXNativeTarget "Tarea Velocimetro de un auto" */ = {
			isa = XCConfigurationList;
			buildConfigurations = (
				82502E131C7A76C10025A427 /* Debug */,
				82502E141C7A76C10025A427 /* Release */,
			);
			defaultConfigurationIsVisible = 0;
		};
		82502E151C7A76C10025A427 /* Build configuration list for PBXNativeTarget "Tarea Velocimetro de un autoTests" */ = {
			isa = XCConfigurationList;
			buildConfigurations = (
				82502E161C7A76C10025A427 /* Debug */,
				82502E171C7A76C10025A427 /* Release */,
			);
			defaultConfigurationIsVisible = 0;
		};
		82502E181C7A76C10025A427 /* Build configuration list for PBXNativeTarget "Tarea Velocimetro de un autoUITests" */ = {
			isa = XCConfigurationList;
			buildConfigurations = (
				82502E191C7A76C10025A427 /* Debug */,
				82502E1A1C7A76C10025A427 /* Release */,
			);
			defaultConfigurationIsVisible = 0;
		};
/* End XCConfigurationList section */
	};
	rootObject = 82502DE21C7A76BF0025A427 /* Project object */;
}
